
Microsoft Visual Studio Solution File, Format Version 12.00
# Visual Studio 14
VisualStudioVersion = 14.0.25420.1
MinimumVisualStudioVersion = 10.0.40219.1
Project("{FAE04EC0-301F-11D3-BF4B-00C04F79EFBC}") = "1.CountRealNumbers", "1.CountRealNumbers\1.CountRealNumbers.csproj", "{607E35B1-4D0E-4406-A0FF-69B535950AC3}"
EndProject
Project("{FAE04EC0-301F-11D3-BF4B-00C04F79EFBC}") = "2.OddOccurences", "2.OddOccurences\2.OddOccurences.csproj", "{6E049E90-CC31-4DB6-B389-34CAC080E409}"
EndProject
Project("{FAE04EC0-301F-11D3-BF4B-00C04F79EFBC}") = "3.SumMinMaxAverage", "3.SumMinMaxAverage\3.SumMinMaxAverage.csproj", "{1BC6B236-096E-4204-A8BB-A28C36F73EA5}"
EndProject
Project("{FAE04EC0-301F-11D3-BF4B-00C04F79EFBC}") = "4.Largest3Numbers", "4.Largest3Numbers\4.Largest3Numbers.csproj", "{55C46263-FE16-4B52-A172-DD5C9931497D}"
EndProject
Project("{FAE04EC0-301F-11D3-BF4B-00C04F79EFBC}") = "5.ShortWordsSorted", "5.ShortWordsSorted\5.ShortWordsSorted.csproj", "{CEF2F788-8FCB-470D-8704-1514CCCC87B3}"
EndProject
Project("{FAE04EC0-301F-11D3-BF4B-00C04F79EFBC}") = "6.FoldAndSum", "6.FoldAndSum\6.FoldAndSum.csproj", "{138F031C-E8CA-4E60-A5B7-C5E34B7FB1AF}"
EndProject
Global
	GlobalSection(SolutionConfigurationPlatforms) = preSolution
		Debug|Any CPU = Debug|Any CPU
		Release|Any CPU = Release|Any CPU
	EndGlobalSection
	GlobalSection(ProjectConfigurationPlatforms) = postSolution
		{607E35B1-4D0E-4406-A0FF-69B535950AC3}.Debug|Any CPU.ActiveCfg = Debug|Any CPU
		{607E35B1-4D0E-4406-A0FF-69B535950AC3}.Debug|Any CPU.Build.0 = Debug|Any CPU
		{607E35B1-4D0E-4406-A0FF-69B535950AC3}.Release|Any CPU.ActiveCfg = Release|Any CPU
		{607E35B1-4D0E-4406-A0FF-69B535950AC3}.Release|Any CPU.Build.0 = Release|Any CPU
		{6E049E90-CC31-4DB6-B389-34CAC080E409}.Debug|Any CPU.ActiveCfg = Debug|Any CPU
		{6E049E90-CC31-4DB6-B389-34CAC080E409}.Debug|Any CPU.Build.0 = Debug|Any CPU
		{6E049E90-CC31-4DB6-B389-34CAC080E409}.Release|Any CPU.ActiveCfg = Release|Any CPU
		{6E049E90-CC31-4DB6-B389-34CAC080E409}.Release|Any CPU.Build.0 = Release|Any CPU
		{1BC6B236-096E-4204-A8BB-A28C36F73EA5}.Debug|Any CPU.ActiveCfg = Debug|Any CPU
		{1BC6B236-096E-4204-A8BB-A28C36F73EA5}.Debug|Any CPU.Build.0 = Debug|Any CPU
		{1BC6B236-096E-4204-A8BB-A28C36F73EA5}.Release|Any CPU.ActiveCfg = Release|Any CPU
		{1BC6B236-096E-4204-A8BB-A28C36F73EA5}.Release|Any CPU.Build.0 = Release|Any CPU
		{55C46263-FE16-4B52-A172-DD5C9931497D}.Debug|Any CPU.ActiveCfg = Debug|Any CPU
		{55C46263-FE16-4B52-A172-DD5C9931497D}.Debug|Any CPU.Build.0 = Debug|Any CPU
		{55C46263-FE16-4B52-A172-DD5C9931497D}.Release|Any CPU.ActiveCfg = Release|Any CPU
		{55C46263-FE16-4B52-A172-DD5C9931497D}.Release|Any CPU.Build.0 = Release|Any CPU
		{CEF2F788-8FCB-470D-8704-1514CCCC87B3}.Debug|Any CPU.ActiveCfg = Debug|Any CPU
		{CEF2F788-8FCB-470D-8704-1514CCCC87B3}.Debug|Any CPU.Build.0 = Debug|Any CPU
		{CEF2F788-8FCB-470D-8704-1514CCCC87B3}.Release|Any CPU.ActiveCfg = Release|Any CPU
		{CEF2F788-8FCB-470D-8704-1514CCCC87B3}.Release|Any CPU.Build.0 = Release|Any CPU
		{138F031C-E8CA-4E60-A5B7-C5E34B7FB1AF}.Debug|Any CPU.ActiveCfg = Debug|Any CPU
		{138F031C-E8CA-4E60-A5B7-C5E34B7FB1AF}.Debug|Any CPU.Build.0 = Debug|Any CPU
		{138F031C-E8CA-4E60-A5B7-C5E34B7FB1AF}.Release|Any CPU.ActiveCfg = Release|Any CPU
		{138F031C-E8CA-4E60-A5B7-C5E34B7FB1AF}.Release|Any CPU.Build.0 = Release|Any CPU
	EndGlobalSection
	GlobalSection(SolutionProperties) = preSolution
		HideSolutionNode = FALSE
	EndGlobalSection
EndGlobal
